# DO NOT EDIT MANUALLY - Managed by Fern Replay
version: "1.0"
generations:
  - commit_sha: 1543a0cef1c72e4d61128fb16bdfbf0e70533da8
    tree_hash: 3b75e9bd1d5fe0b7decd72684f59f4bf7c1589f6
    timestamp: 2026-06-15T13:03:32.512Z
    cli_version: unknown
    generator_versions: {}
current_generation: 1543a0cef1c72e4d61128fb16bdfbf0e70533da8
patches: []
